
Microsoft Visual Studio Solution File, Format Version 12.00
# Visual Studio Version 17
VisualStudioVersion = 17.12.35527.113
MinimumVisualStudioVersion = 10.0.40219.1
Project("{FAE04EC0-301F-11D3-BF4B-00C04F79EFBC}") = "RitsukageBotForDiscord", "src\RitsukageBotForDiscord\RitsukageBotForDiscord.csproj", "{EC9A910A-16EB-4111-8D46-D6A974B70E7D}"
EndProject
Project("{9A19103F-16F7-4668-BE54-9A1E7A4F7556}") = "BiliKernel.Abstractions", "src\bili-kernel\src\BiliKernel.Abstractions\BiliKernel.Abstractions.csproj", "{27A51860-F129-4F24-80A0-FB3486225956}"
EndProject
Project("{9A19103F-16F7-4668-BE54-9A1E7A4F7556}") = "BiliKernel.Core", "src\bili-kernel\src\BiliKernel.Core\BiliKernel.Core.csproj", "{67294CF1-CC69-47DE-B067-3F1C5B65808C}"
EndProject
Project("{9A19103F-16F7-4668-BE54-9A1E7A4F7556}") = "BiliKernel.Grpc", "src\bili-kernel\src\BiliKernel.Grpc\BiliKernel.Grpc.csproj", "{D738258B-62E1-418F-9A30-E0FA5308633F}"
EndProject
Project("{2150E333-8FDC-42A3-9474-1A3956D46DE8}") = "Authorizers", "Authorizers", "{C431FDE9-959A-4F6C-A081-5C128C7166DE}"
EndProject
Project("{9A19103F-16F7-4668-BE54-9A1E7A4F7556}") = "Authorizers.Tv", "src\bili-kernel\src\Authorizers\Authorizers.Tv\Authorizers.Tv.csproj", "{2F657189-7ED7-49B3-AC6E-25AD0D364864}"
EndProject
Project("{2150E333-8FDC-42A3-9474-1A3956D46DE8}") = "Resolvers", "Resolvers", "{28987E9F-9624-45D4-8A7F-9259C2DAD8FB}"
EndProject
Project("{9A19103F-16F7-4668-BE54-9A1E7A4F7556}") = "Resolvers.NativeCookies", "src\bili-kernel\src\Resolvers\Resolvers.NativeCookies\Resolvers.NativeCookies.csproj", "{D5678E85-10F9-42F4-B963-61BDD81213DD}"
EndProject
Project("{9A19103F-16F7-4668-BE54-9A1E7A4F7556}") = "Resolvers.NativeQRCode", "src\bili-kernel\src\Resolvers\Resolvers.NativeQRCode\Resolvers.NativeQRCode.csproj", "{B67CA5E8-58EB-4D70-80F2-1517F2619D4C}"
EndProject
Project("{9A19103F-16F7-4668-BE54-9A1E7A4F7556}") = "Resolvers.NativeToken", "src\bili-kernel\src\Resolvers\Resolvers.NativeToken\Resolvers.NativeToken.csproj", "{0DB1EABD-9D29-4372-A5D4-C68CE2599BC5}"
EndProject
Project("{2150E333-8FDC-42A3-9474-1A3956D46DE8}") = "Services", "Services", "{EAA8A39E-3DFF-41E5-A950-B8F4FCE27BD5}"
EndProject
Project("{9A19103F-16F7-4668-BE54-9A1E7A4F7556}") = "Services.Media", "src\bili-kernel\src\Services\Services.Media\Services.Media.csproj", "{8F80FDA8-ED1E-43A3-841A-1B9940293F69}"
EndProject
Project("{9A19103F-16F7-4668-BE54-9A1E7A4F7556}") = "Services.Moment", "src\bili-kernel\src\Services\Services.Moment\Services.Moment.csproj", "{C4526DBC-188E-4DB5-AEC6-38907B496C14}"
EndProject
Project("{9A19103F-16F7-4668-BE54-9A1E7A4F7556}") = "Services.Search", "src\bili-kernel\src\Services\Services.Search\Services.Search.csproj", "{A76DDDB2-252B-4F7C-BB57-C0BB7E4BF3F3}"
EndProject
Project("{9A19103F-16F7-4668-BE54-9A1E7A4F7556}") = "Services.User", "src\bili-kernel\src\Services\Services.User\Services.User.csproj", "{0D92ACC7-E5E3-49C9-B4DF-700C62849885}"
EndProject
Project("{9A19103F-16F7-4668-BE54-9A1E7A4F7556}") = "Services.Comment", "src\bili-kernel\src\Services\Services.Comment\Services.Comment.csproj", "{34F51062-C4A4-42CC-8E1F-4DC599E05F73}"
EndProject
Project("{2150E333-8FDC-42A3-9474-1A3956D46DE8}") = "bili-kernel", "bili-kernel", "{087C20F6-A8F9-4C60-924F-117F9924B9AB}"
EndProject
Project("{FAE04EC0-301F-11D3-BF4B-00C04F79EFBC}") = "Services.Article", "src\bili-kernel\src\Services\Services.Article\Services.Article.csproj", "{9EA17DE1-E9DD-4F7A-8D1B-713969071E6D}"
EndProject
Project("{2150E333-8FDC-42A3-9474-1A3956D46DE8}") = "Solution Items", "Solution Items", "{E70FAB6F-2A0C-4732-8533-5CD4762EC545}"
	ProjectSection(SolutionItems) = preProject
		.editorconfig = .editorconfig
	EndProjectSection
EndProject
Global
	GlobalSection(SolutionConfigurationPlatforms) = preSolution
		Debug|Any CPU = Debug|Any CPU
		Release|Any CPU = Release|Any CPU
	EndGlobalSection
	GlobalSection(ProjectConfigurationPlatforms) = postSolution
		{EC9A910A-16EB-4111-8D46-D6A974B70E7D}.Debug|Any CPU.ActiveCfg = Debug|Any CPU
		{EC9A910A-16EB-4111-8D46-D6A974B70E7D}.Debug|Any CPU.Build.0 = Debug|Any CPU
		{EC9A910A-16EB-4111-8D46-D6A974B70E7D}.Release|Any CPU.ActiveCfg = Release|Any CPU
		{EC9A910A-16EB-4111-8D46-D6A974B70E7D}.Release|Any CPU.Build.0 = Release|Any CPU
		{27A51860-F129-4F24-80A0-FB3486225956}.Debug|Any CPU.ActiveCfg = Debug|Any CPU
		{27A51860-F129-4F24-80A0-FB3486225956}.Debug|Any CPU.Build.0 = Debug|Any CPU
		{27A51860-F129-4F24-80A0-FB3486225956}.Release|Any CPU.ActiveCfg = Release|Any CPU
		{27A51860-F129-4F24-80A0-FB3486225956}.Release|Any CPU.Build.0 = Release|Any CPU
		{67294CF1-CC69-47DE-B067-3F1C5B65808C}.Debug|Any CPU.ActiveCfg = Debug|Any CPU
		{67294CF1-CC69-47DE-B067-3F1C5B65808C}.Debug|Any CPU.Build.0 = Debug|Any CPU
		{67294CF1-CC69-47DE-B067-3F1C5B65808C}.Release|Any CPU.ActiveCfg = Release|Any CPU
		{67294CF1-CC69-47DE-B067-3F1C5B65808C}.Release|Any CPU.Build.0 = Release|Any CPU
		{D738258B-62E1-418F-9A30-E0FA5308633F}.Debug|Any CPU.ActiveCfg = Debug|Any CPU
		{D738258B-62E1-418F-9A30-E0FA5308633F}.Debug|Any CPU.Build.0 = Debug|Any CPU
		{D738258B-62E1-418F-9A30-E0FA5308633F}.Release|Any CPU.ActiveCfg = Release|Any CPU
		{D738258B-62E1-418F-9A30-E0FA5308633F}.Release|Any CPU.Build.0 = Release|Any CPU
		{2F657189-7ED7-49B3-AC6E-25AD0D364864}.Debug|Any CPU.ActiveCfg = Debug|Any CPU
		{2F657189-7ED7-49B3-AC6E-25AD0D364864}.Debug|Any CPU.Build.0 = Debug|Any CPU
		{2F657189-7ED7-49B3-AC6E-25AD0D364864}.Release|Any CPU.ActiveCfg = Release|Any CPU
		{2F657189-7ED7-49B3-AC6E-25AD0D364864}.Release|Any CPU.Build.0 = Release|Any CPU
		{D5678E85-10F9-42F4-B963-61BDD81213DD}.Debug|Any CPU.ActiveCfg = Debug|Any CPU
		{D5678E85-10F9-42F4-B963-61BDD81213DD}.Debug|Any CPU.Build.0 = Debug|Any CPU
		{D5678E85-10F9-42F4-B963-61BDD81213DD}.Release|Any CPU.ActiveCfg = Release|Any CPU
		{D5678E85-10F9-42F4-B963-61BDD81213DD}.Release|Any CPU.Build.0 = Release|Any CPU
		{B67CA5E8-58EB-4D70-80F2-1517F2619D4C}.Debug|Any CPU.ActiveCfg = Debug|Any CPU
		{B67CA5E8-58EB-4D70-80F2-1517F2619D4C}.Debug|Any CPU.Build.0 = Debug|Any CPU
		{B67CA5E8-58EB-4D70-80F2-1517F2619D4C}.Release|Any CPU.ActiveCfg = Release|Any CPU
		{B67CA5E8-58EB-4D70-80F2-1517F2619D4C}.Release|Any CPU.Build.0 = Release|Any CPU
		{0DB1EABD-9D29-4372-A5D4-C68CE2599BC5}.Debug|Any CPU.ActiveCfg = Debug|Any CPU
		{0DB1EABD-9D29-4372-A5D4-C68CE2599BC5}.Debug|Any CPU.Build.0 = Debug|Any CPU
		{0DB1EABD-9D29-4372-A5D4-C68CE2599BC5}.Release|Any CPU.ActiveCfg = Release|Any CPU
		{0DB1EABD-9D29-4372-A5D4-C68CE2599BC5}.Release|Any CPU.Build.0 = Release|Any CPU
		{8F80FDA8-ED1E-43A3-841A-1B9940293F69}.Debug|Any CPU.ActiveCfg = Debug|Any CPU
		{8F80FDA8-ED1E-43A3-841A-1B9940293F69}.Debug|Any CPU.Build.0 = Debug|Any CPU
		{8F80FDA8-ED1E-43A3-841A-1B9940293F69}.Release|Any CPU.ActiveCfg = Release|Any CPU
		{8F80FDA8-ED1E-43A3-841A-1B9940293F69}.Release|Any CPU.Build.0 = Release|Any CPU
		{C4526DBC-188E-4DB5-AEC6-38907B496C14}.Debug|Any CPU.ActiveCfg = Debug|Any CPU
		{C4526DBC-188E-4DB5-AEC6-38907B496C14}.Debug|Any CPU.Build.0 = Debug|Any CPU
		{C4526DBC-188E-4DB5-AEC6-38907B496C14}.Release|Any CPU.ActiveCfg = Release|Any CPU
		{C4526DBC-188E-4DB5-AEC6-38907B496C14}.Release|Any CPU.Build.0 = Release|Any CPU
		{A76DDDB2-252B-4F7C-BB57-C0BB7E4BF3F3}.Debug|Any CPU.ActiveCfg = Debug|Any CPU
		{A76DDDB2-252B-4F7C-BB57-C0BB7E4BF3F3}.Debug|Any CPU.Build.0 = Debug|Any CPU
		{A76DDDB2-252B-4F7C-BB57-C0BB7E4BF3F3}.Release|Any CPU.ActiveCfg = Release|Any CPU
		{A76DDDB2-252B-4F7C-BB57-C0BB7E4BF3F3}.Release|Any CPU.Build.0 = Release|Any CPU
		{0D92ACC7-E5E3-49C9-B4DF-700C62849885}.Debug|Any CPU.ActiveCfg = Debug|Any CPU
		{0D92ACC7-E5E3-49C9-B4DF-700C62849885}.Debug|Any CPU.Build.0 = Debug|Any CPU
		{0D92ACC7-E5E3-49C9-B4DF-700C62849885}.Release|Any CPU.ActiveCfg = Release|Any CPU
		{0D92ACC7-E5E3-49C9-B4DF-700C62849885}.Release|Any CPU.Build.0 = Release|Any CPU
		{34F51062-C4A4-42CC-8E1F-4DC599E05F73}.Debug|Any CPU.ActiveCfg = Debug|Any CPU
		{34F51062-C4A4-42CC-8E1F-4DC599E05F73}.Debug|Any CPU.Build.0 = Debug|Any CPU
		{34F51062-C4A4-42CC-8E1F-4DC599E05F73}.Release|Any CPU.ActiveCfg = Release|Any CPU
		{34F51062-C4A4-42CC-8E1F-4DC599E05F73}.Release|Any CPU.Build.0 = Release|Any CPU
		{9EA17DE1-E9DD-4F7A-8D1B-713969071E6D}.Debug|Any CPU.ActiveCfg = Debug|Any CPU
		{9EA17DE1-E9DD-4F7A-8D1B-713969071E6D}.Debug|Any CPU.Build.0 = Debug|Any CPU
		{9EA17DE1-E9DD-4F7A-8D1B-713969071E6D}.Release|Any CPU.ActiveCfg = Release|Any CPU
		{9EA17DE1-E9DD-4F7A-8D1B-713969071E6D}.Release|Any CPU.Build.0 = Release|Any CPU
	EndGlobalSection
	GlobalSection(SolutionProperties) = preSolution
		HideSolutionNode = FALSE
	EndGlobalSection
	GlobalSection(NestedProjects) = preSolution
		{27A51860-F129-4F24-80A0-FB3486225956} = {087C20F6-A8F9-4C60-924F-117F9924B9AB}
		{67294CF1-CC69-47DE-B067-3F1C5B65808C} = {087C20F6-A8F9-4C60-924F-117F9924B9AB}
		{D738258B-62E1-418F-9A30-E0FA5308633F} = {087C20F6-A8F9-4C60-924F-117F9924B9AB}
		{C431FDE9-959A-4F6C-A081-5C128C7166DE} = {087C20F6-A8F9-4C60-924F-117F9924B9AB}
		{2F657189-7ED7-49B3-AC6E-25AD0D364864} = {C431FDE9-959A-4F6C-A081-5C128C7166DE}
		{28987E9F-9624-45D4-8A7F-9259C2DAD8FB} = {087C20F6-A8F9-4C60-924F-117F9924B9AB}
		{D5678E85-10F9-42F4-B963-61BDD81213DD} = {28987E9F-9624-45D4-8A7F-9259C2DAD8FB}
		{B67CA5E8-58EB-4D70-80F2-1517F2619D4C} = {28987E9F-9624-45D4-8A7F-9259C2DAD8FB}
		{0DB1EABD-9D29-4372-A5D4-C68CE2599BC5} = {28987E9F-9624-45D4-8A7F-9259C2DAD8FB}
		{EAA8A39E-3DFF-41E5-A950-B8F4FCE27BD5} = {087C20F6-A8F9-4C60-924F-117F9924B9AB}
		{8F80FDA8-ED1E-43A3-841A-1B9940293F69} = {EAA8A39E-3DFF-41E5-A950-B8F4FCE27BD5}
		{C4526DBC-188E-4DB5-AEC6-38907B496C14} = {EAA8A39E-3DFF-41E5-A950-B8F4FCE27BD5}
		{A76DDDB2-252B-4F7C-BB57-C0BB7E4BF3F3} = {EAA8A39E-3DFF-41E5-A950-B8F4FCE27BD5}
		{0D92ACC7-E5E3-49C9-B4DF-700C62849885} = {EAA8A39E-3DFF-41E5-A950-B8F4FCE27BD5}
		{34F51062-C4A4-42CC-8E1F-4DC599E05F73} = {EAA8A39E-3DFF-41E5-A950-B8F4FCE27BD5}
		{9EA17DE1-E9DD-4F7A-8D1B-713969071E6D} = {EAA8A39E-3DFF-41E5-A950-B8F4FCE27BD5}
	EndGlobalSection
EndGlobal
